
Microsoft Visual Studio Solution File, Format Version 12.00
# Visual Studio Version 17
VisualStudioVersion = 17.6.33723.286
MinimumVisualStudioVersion = 10.0.40219.1
Project("{9A19103F-16F7-4668-BE54-9A1E7A4F7556}") = "gameCenter", "gameCenter\gameCenter.csproj", "{C23437A7-4560-407E-BCF5-E7F663C7429E}"
EndProject
Global
	GlobalSection(SolutionConfigurationPlatforms) = preSolution
		Debug|Any CPU = Debug|Any CPU
		Release|Any CPU = Release|Any CPU
	EndGlobalSection
	GlobalSection(ProjectConfigurationPlatforms) = postSolution
		{C23437A7-4560-407E-BCF5-E7F663C7429E}.Debug|Any CPU.ActiveCfg = Debug|Any CPU
		{C23437A7-4560-407E-BCF5-E7F663C7429E}.Debug|Any CPU.Build.0 = Debug|Any CPU
		{C23437A7-4560-407E-BCF5-E7F663C7429E}.Release|Any CPU.ActiveCfg = Release|Any CPU
		{C23437A7-4560-407E-BCF5-E7F663C7429E}.Release|Any CPU.Build.0 = Release|Any CPU
	EndGlobalSection
	GlobalSection(SolutionProperties) = preSolution
		HideSolutionNode = FALSE
	EndGlobalSection
	GlobalSection(ExtensibilityGlobals) = postSolution
		SolutionGuid = {D40071BA-DA77-4D91-8DDC-CA10EC7FC3E3}
	EndGlobalSection
EndGlobal
